
Microsoft Visual Studio Solution File, Format Version 12.00
# Visual Studio Version 17
VisualStudioVersion = 17.7.34024.191
MinimumVisualStudioVersion = 10.0.40219.1
Project("{8BC9CEB8-8B4A-11D0-8D11-00A0C91BC942}") = "Práctica 01", "Práctica 01\Práctica 01.vcxproj", "{6AF41ACE-53C1-4E47-A187-71D77C7701C4}"
EndProject
Global
	GlobalSection(SolutionConfigurationPlatforms) = preSolution
		Debug|x64 = Debug|x64
		Debug|x86 = Debug|x86
		Release|x64 = Release|x64
		Release|x86 = Release|x86
	EndGlobalSection
	GlobalSection(ProjectConfigurationPlatforms) = postSolution
		{6AF41ACE-53C1-4E47-A187-71D77C7701C4}.Debug|x64.ActiveCfg = Debug|x64
		{6AF41ACE-53C1-4E47-A187-71D77C7701C4}.Debug|x64.Build.0 = Debug|x64
		{6AF41ACE-53C1-4E47-A187-71D77C7701C4}.Debug|x86.ActiveCfg = Debug|Win32
		{6AF41ACE-53C1-4E47-A187-71D77C7701C4}.Debug|x86.Build.0 = Debug|Win32
		{6AF41ACE-53C1-4E47-A187-71D77C7701C4}.Release|x64.ActiveCfg = Release|x64
		{6AF41ACE-53C1-4E47-A187-71D77C7701C4}.Release|x64.Build.0 = Release|x64
		{6AF41ACE-53C1-4E47-A187-71D77C7701C4}.Release|x86.ActiveCfg = Release|Win32
		{6AF41ACE-53C1-4E47-A187-71D77C7701C4}.Release|x86.Build.0 = Release|Win32
	EndGlobalSection
	GlobalSection(SolutionProperties) = preSolution
		HideSolutionNode = FALSE
	EndGlobalSection
	GlobalSection(ExtensibilityGlobals) = postSolution
		SolutionGuid = {F1D0B43E-EF32-4FFB-8C09-52B53B142F51}
	EndGlobalSection
EndGlobal
